
Microsoft Visual Studio Solution File, Format Version 12.00
# Visual Studio Version 16
VisualStudioVersion = 16.0.29911.84
MinimumVisualStudioVersion = 10.0.40219.1
Project("{FAE04EC0-301F-11D3-BF4B-00C04F79EFBC}") = "Iteration6", "Iteration6.csproj", "{87DC3C04-D191-4F9E-8792-F8E11359D286}"
EndProject
Global
	GlobalSection(SolutionConfigurationPlatforms) = preSolution
		Debug|ARM = Debug|ARM
		Debug|ARM64 = Debug|ARM64
		Debug|x64 = Debug|x64
		Debug|x86 = Debug|x86
		Release|ARM = Release|ARM
		Release|ARM64 = Release|ARM64
		Release|x64 = Release|x64
		Release|x86 = Release|x86
	EndGlobalSection
	GlobalSection(ProjectConfigurationPlatforms) = postSolution
		{87DC3C04-D191-4F9E-8792-F8E11359D286}.Debug|ARM.ActiveCfg = Debug|ARM
		{87DC3C04-D191-4F9E-8792-F8E11359D286}.Debug|ARM.Build.0 = Debug|ARM
		{87DC3C04-D191-4F9E-8792-F8E11359D286}.Debug|ARM.Deploy.0 = Debug|ARM
		{87DC3C04-D191-4F9E-8792-F8E11359D286}.Debug|ARM64.ActiveCfg = Debug|ARM64
		{87DC3C04-D191-4F9E-8792-F8E11359D286}.Debug|ARM64.Build.0 = Debug|ARM64
		{87DC3C04-D191-4F9E-8792-F8E11359D286}.Debug|ARM64.Deploy.0 = Debug|ARM64
		{87DC3C04-D191-4F9E-8792-F8E11359D286}.Debug|x64.ActiveCfg = Debug|x64
		{87DC3C04-D191-4F9E-8792-F8E11359D286}.Debug|x64.Build.0 = Debug|x64
		{87DC3C04-D191-4F9E-8792-F8E11359D286}.Debug|x64.Deploy.0 = Debug|x64
		{87DC3C04-D191-4F9E-8792-F8E11359D286}.Debug|x86.ActiveCfg = Debug|x86
		{87DC3C04-D191-4F9E-8792-F8E11359D286}.Debug|x86.Build.0 = Debug|x86
		{87DC3C04-D191-4F9E-8792-F8E11359D286}.Debug|x86.Deploy.0 = Debug|x86
		{87DC3C04-D191-4F9E-8792-F8E11359D286}.Release|ARM.ActiveCfg = Release|ARM
		{87DC3C04-D191-4F9E-8792-F8E11359D286}.Release|ARM.Build.0 = Release|ARM
		{87DC3C04-D191-4F9E-8792-F8E11359D286}.Release|ARM.Deploy.0 = Release|ARM
		{87DC3C04-D191-4F9E-8792-F8E11359D286}.Release|ARM64.ActiveCfg = Release|ARM64
		{87DC3C04-D191-4F9E-8792-F8E11359D286}.Release|ARM64.Build.0 = Release|ARM64
		{87DC3C04-D191-4F9E-8792-F8E11359D286}.Release|ARM64.Deploy.0 = Release|ARM64
		{87DC3C04-D191-4F9E-8792-F8E11359D286}.Release|x64.ActiveCfg = Release|x64
		{87DC3C04-D191-4F9E-8792-F8E11359D286}.Release|x64.Build.0 = Release|x64
		{87DC3C04-D191-4F9E-8792-F8E11359D286}.Release|x64.Deploy.0 = Release|x64
		{87DC3C04-D191-4F9E-8792-F8E11359D286}.Release|x86.ActiveCfg = Release|x86
		{87DC3C04-D191-4F9E-8792-F8E11359D286}.Release|x86.Build.0 = Release|x86
		{87DC3C04-D191-4F9E-8792-F8E11359D286}.Release|x86.Deploy.0 = Release|x86
	EndGlobalSection
	GlobalSection(SolutionProperties) = preSolution
		HideSolutionNode = FALSE
	EndGlobalSection
	GlobalSection(ExtensibilityGlobals) = postSolution
		SolutionGuid = {AE9D1463-C675-48E5-843D-3A5168708A20}
	EndGlobalSection
EndGlobal
